# This file was autogenerated by Stack.
# You should not edit this file by hand.
# For more information, please see the documentation at:
#   https://docs.haskellstack.org/en/stable/topics/lock_files

packages:
- completed:
    hackage: combinat-0.2.10.1@sha256:c039827890044eda529d9115daa5d93d0e30f68483cfde560786cd2e3483db50,5857
    pantry-tree:
      sha256: c8deb381f3554178eee607a17153f161b1efeb472c521b92b40aeb3d021e3c4b
      size: 5196
  original:
    hackage: combinat-0.2.10.1
- completed:
    hackage: compact-word-vectors-0.2.0.2@sha256:49cf00f224000f149306e7043c228fa33e3dba87f10589e8326388c3278ba594,2709
    pantry-tree:
      sha256: 5713337589ee024f627123b448f8bf6ddf33e457c72daabc84a12f4ce7d8ddb0
      size: 744
  original:
    hackage: compact-word-vectors-0.2.0.2
- completed:
    hackage: primitive-0.9.1.0@sha256:dfdd6572944c11e69208237dd32a2eb9d975b4f4e9064a7b8dc952cb0e256846,3119
    pantry-tree:
      sha256: bb4a27a63645ef32b7533869c303b16ae9dd58962ccaa86bebe1c06fd7e18301
      size: 1793
  original:
    hackage: primitive-0.9.1.0
- completed:
    hackage: random-1.3.1@sha256:0b4f649c3e78713b2ccad1535251ee34b148237fb2229d7058c2b1d9ccc324b8,6004
    pantry-tree:
      sha256: 9e92209c00b0c00b7d1c503e15a27b67b74ac2e3b48269a9255893b06de6836c
      size: 1667
  original:
    hackage: random-1.3.1
- completed:
    hackage: splitmix-0.1.1@sha256:8f92088f1c51c8d4569279a07565f8aa6b534a6735615b2295d2961dec8f1783,6225
    pantry-tree:
      sha256: d1a744a0f4d02051a0b77f3a137ebe6865e0174b807c99968f939fc91caa4045
      size: 1519
  original:
    hackage: splitmix-0.1.1
snapshots: []
