# This file was autogenerated by Stack.
# You should not edit this file by hand.
# For more information, please see the documentation at:
#   https://docs.haskellstack.org/en/stable/topics/lock_files

packages:
- completed:
    hackage: combinat-0.2.10.1@sha256:c039827890044eda529d9115daa5d93d0e30f68483cfde560786cd2e3483db50,5857
    pantry-tree:
      sha256: c8deb381f3554178eee607a17153f161b1efeb472c521b92b40aeb3d021e3c4b
      size: 5196
  original:
    hackage: combinat-0.2.10.1
- completed:
    hackage: compact-word-vectors-0.2.0.2@sha256:49cf00f224000f149306e7043c228fa33e3dba87f10589e8326388c3278ba594,2709
    pantry-tree:
      sha256: 5713337589ee024f627123b448f8bf6ddf33e457c72daabc84a12f4ce7d8ddb0
      size: 744
  original:
    hackage: compact-word-vectors-0.2.0.2
snapshots:
- completed:
    sha256: d133abe75e408a407cce3f032c96ac1bbadf474a93b5156ebf4135b53382d56b
    size: 683827
    url: https://raw.githubusercontent.com/commercialhaskell/stackage-snapshots/master/lts/23/18.yaml
  original:
    url: https://raw.githubusercontent.com/commercialhaskell/stackage-snapshots/master/lts/23/18.yaml
